
Microsoft Visual Studio Solution File, Format Version 12.00
# Visual Studio 2013
VisualStudioVersion = 12.0.30110.0
MinimumVisualStudioVersion = 10.0.40219.1
Project("{FAE04EC0-301F-11D3-BF4B-00C04F79EFBC}") = "SynUtil", "SynUtil\SynUtil.csproj", "{CC09D650-482E-46A3-B1A1-7B8373A20DD5}"
EndProject
Project("{2150E333-8FDC-42A3-9474-1A3956D46DE8}") = "Solution Items", "Solution Items", "{0ED286AD-1822-4BEE-A0C0-2042C1761302}"
	ProjectSection(SolutionItems) = preProject
		LICENSE.txt = LICENSE.txt
		README.md = README.md
	EndProjectSection
EndProject
Project("{2150E333-8FDC-42A3-9474-1A3956D46DE8}") = ".ilmerge", ".ilmerge", "{8EDC53C0-74C0-4B40-AC3B-7101336F8222}"
	ProjectSection(SolutionItems) = preProject
		.ilmerge\Ilmerge.CSharp.targets = .ilmerge\Ilmerge.CSharp.targets
		.ilmerge\ILMerge.exe = .ilmerge\ILMerge.exe
	EndProjectSection
EndProject
Global
	GlobalSection(SolutionConfigurationPlatforms) = preSolution
		Debug|Any CPU = Debug|Any CPU
		Release|Any CPU = Release|Any CPU
	EndGlobalSection
	GlobalSection(ProjectConfigurationPlatforms) = postSolution
		{CC09D650-482E-46A3-B1A1-7B8373A20DD5}.Debug|Any CPU.ActiveCfg = Debug|Any CPU
		{CC09D650-482E-46A3-B1A1-7B8373A20DD5}.Debug|Any CPU.Build.0 = Debug|Any CPU
		{CC09D650-482E-46A3-B1A1-7B8373A20DD5}.Release|Any CPU.ActiveCfg = Release|Any CPU
		{CC09D650-482E-46A3-B1A1-7B8373A20DD5}.Release|Any CPU.Build.0 = Release|Any CPU
	EndGlobalSection
	GlobalSection(SolutionProperties) = preSolution
		HideSolutionNode = FALSE
	EndGlobalSection
EndGlobal
